{
  "version": 4,
  "terraform_version": "1.8.5",
  "serial": 40,
  "lineage": "fb37f4c4-34f0-501c-8ad8-432aa6051e60",
  "outputs": {
    "artifact_registry_repository": {
      "value": "usagi-analytics",
      "type": "string"
    },
    "cloud_run_url": {
      "value": "https://usagi-analytics-lolnt7besa-an.a.run.app",
      "type": "string"
    },
    "image_build_command": {
      "value": "gcloud builds submit --tag asia-northeast1-docker.pkg.dev/usagi-analytics/usagi-analytics/usagi-analytics:latest",
      "type": "string"
    },
    "oauth_callback_url": {
      "value": "https://usagi-analytics-lolnt7besa-an.a.run.app/oauth/callback",
      "type": "string"
    },
    "run_fetch_url": {
      "value": "https://usagi-analytics-lolnt7besa-an.a.run.app/run-fetch",
      "type": "string"
    },
    "snapshot_bucket": {
      "value": "usagi-analytics-usagi-analytics-snapshots",
      "type": "string"
    }
  },
  "resources": [
    {
      "mode": "managed",
      "type": "google_artifact_registry_repository",
      "name": "app",
      "provider": "provider[\"registry.terraform.io/hashicorp/google\"]",
      "instances": [
        {
          "schema_version": 0,
          "attributes": {
            "cleanup_policies": [],
            "cleanup_policy_dry_run": false,
            "create_time": "2026-08-16T02:36:20.986440Z",
            "description": "Docker images for usagi-analytics",
            "docker_config": [],
            "effective_labels": {
              "goog-terraform-provisioned": "true"
            },
            "format": "DOCKER",
            "id": "projects/usagi-analytics/locations/asia-northeast1/repositories/usagi-analytics",
            "kms_key_name": "",
            "labels": {},
            "location": "asia-northeast1",
            "maven_config": [],
            "mode": "STANDARD_REPOSITORY",
            "name": "usagi-analytics",
            "project": "usagi-analytics",
            "remote_repository_config": [],
            "repository_id": "usagi-analytics",
            "terraform_labels": {
              "goog-terraform-provisioned": "true"
            },
            "timeouts": null,
            "update_time": "2026-08-16T02:46:45.097281Z",
            "virtual_repository_config": [],
            "vulnerability_scanning_config": [
              {
                "enablement_config": "",
                "enablement_state": "SCANNING_DISABLED",
                "enablement_state_reason": "API containerscanning.googleapis.com is not enabled."
              }
            ]
          },
          "sensitive_attributes": [],
          "private": "eyJlMmJmYjczMC1lY2FhLTExZTYtOGY4OC0zNDM2M2JjN2M0YzAiOnsiY3JlYXRlIjoxMjAwMDAwMDAwMDAwLCJkZWxldGUiOjEyMDAwMDAwMDAwMDAsInVwZGF0ZSI6MTIwMDAwMDAwMDAwMH19",
          "dependencies": [
            "google_project_service.required"
          ]
        }
      ]
    },
    {
      "mode": "managed",
      "type": "google_cloud_run_v2_service",
      "name": "app",
      "provider": "provider[\"registry.terraform.io/hashicorp/google\"]",
      "instances": [
        {
          "schema_version": 0,
          "attributes": {
            "annotations": {},
            "binary_authorization": [],
            "build_config": [],
            "client": "",
            "client_version": "",
            "conditions": [
              {
                "execution_reason": "",
                "last_transition_time": "2026-08-16T03:10:21.947502Z",
                "message": "",
                "reason": "",
                "revision_reason": "",
                "severity": "",
                "state": "CONDITION_SUCCEEDED",
                "type": "RoutesReady"
              },
              {
                "execution_reason": "",
                "last_transition_time": "2026-08-16T03:10:11.286820Z",
                "message": "",
                "reason": "",
                "revision_reason": "",
                "severity": "",
                "state": "CONDITION_SUCCEEDED",
                "type": "ConfigurationsReady"
              }
            ],
            "create_time": "2026-08-16T02:55:19.007747Z",
            "creator": "shok2gok.tdos3ky@gmail.com",
            "custom_audiences": [],
            "delete_time": "",
            "deletion_protection": false,
            "description": "",
            "effective_annotations": {},
            "effective_labels": {
              "goog-terraform-provisioned": "true"
            },
            "etag": "\"CJHUhNQGEJCGrsYC/cHJvamVjdHMvdXNhZ2ktYW5hbHl0aWNzL2xvY2F0aW9ucy9hc2lhLW5vcnRoZWFzdDEvc2VydmljZXMvdXNhZ2ktYW5hbHl0aWNz\"",
            "expire_time": "",
            "generation": "2",
            "id": "projects/usagi-analytics/locations/asia-northeast1/services/usagi-analytics",
            "ingress": "INGRESS_TRAFFIC_ALL",
            "invoker_iam_disabled": false,
            "labels": {},
            "last_modifier": "shok2gok.tdos3ky@gmail.com",
            "latest_created_revision": "projects/usagi-analytics/locations/asia-northeast1/services/usagi-analytics/revisions/usagi-analytics-00002-9mq",
            "latest_ready_revision": "projects/usagi-analytics/locations/asia-northeast1/services/usagi-analytics/revisions/usagi-analytics-00002-9mq",
            "launch_stage": "GA",
            "location": "asia-northeast1",
            "name": "usagi-analytics",
            "observed_generation": "2",
            "project": "usagi-analytics",
            "reconciling": false,
            "scaling": [
              {
                "manual_instance_count": 0,
                "min_instance_count": 0,
                "scaling_mode": ""
              }
            ],
            "template": [
              {
                "annotations": {},
                "containers": [
                  {
                    "args": [],
                    "base_image_uri": "",
                    "build_info": [],
                    "command": [],
                    "depends_on": [],
                    "env": [
                      {
                        "name": "GCP_PROJECT_ID",
                        "value": "usagi-analytics",
                        "value_source": []
                      },
                      {
                        "name": "GCS_BUCKET_NAME",
                        "value": "usagi-analytics-usagi-analytics-snapshots",
                        "value_source": []
                      },
                      {
                        "name": "RUN_FETCH_TOKEN",
                        "value": "",
                        "value_source": [
                          {
                            "secret_key_ref": [
                              {
                                "secret": "usagi-run-fetch-token",
                                "version": "latest"
                              }
                            ]
                          }
                        ]
                      },
                      {
                        "name": "STORAGE_BACKEND",
                        "value": "gcs_jsonl",
                        "value_source": []
                      },
                      {
                        "name": "TIKTOK_CLIENT_KEY",
                        "value": "",
                        "value_source": [
                          {
                            "secret_key_ref": [
                              {
                                "secret": "tiktok-client-key",
                                "version": "latest"
                              }
                            ]
                          }
                        ]
                      },
                      {
                        "name": "TIKTOK_CLIENT_SECRET",
                        "value": "",
                        "value_source": [
                          {
                            "secret_key_ref": [
                              {
                                "secret": "tiktok-client-secret",
                                "version": "latest"
                              }
                            ]
                          }
                        ]
                      },
                      {
                        "name": "TIKTOK_REDIRECT_URI",
                        "value": "https://usagi-analytics-lolnt7besa-an.a.run.app/oauth/callback.html",
                        "value_source": []
                      },
                      {
                        "name": "TOKEN_SECRET_ID",
                        "value": "tiktok-display-api-token",
                        "value_source": []
                      },
                      {
                        "name": "TOKEN_STORE_BACKEND",
                        "value": "secret_manager",
                        "value_source": []
                      }
                    ],
                    "image": "asia-northeast1-docker.pkg.dev/usagi-analytics/usagi-analytics/usagi-analytics",
                    "liveness_probe": [],
                    "name": "",
                    "ports": [
                      {
                        "container_port": 8080,
                        "name": "http1"
                      }
                    ],
                    "resources": [
                      {
                        "cpu_idle": true,
                        "limits": {
                          "cpu": "1000m",
                          "memory": "512Mi"
                        },
                        "startup_cpu_boost": false
                      }
                    ],
                    "startup_probe": [
                      {
                        "failure_threshold": 1,
                        "grpc": [],
                        "http_get": [],
                        "initial_delay_seconds": 0,
                        "period_seconds": 240,
                        "tcp_socket": [
                          {
                            "port": 8080
                          }
                        ],
                        "timeout_seconds": 240
                      }
                    ],
                    "volume_mounts": [],
                    "working_dir": ""
                  }
                ],
                "encryption_key": "",
                "execution_environment": "",
                "gpu_zonal_redundancy_disabled": false,
                "labels": {},
                "max_instance_request_concurrency": 80,
                "node_selector": [],
                "revision": "",
                "scaling": [
                  {
                    "max_instance_count": 1,
                    "min_instance_count": 0
                  }
                ],
                "service_account": "usagi-analytics-run@usagi-analytics.iam.gserviceaccount.com",
                "session_affinity": false,
                "timeout": "300s",
                "volumes": [],
                "vpc_access": []
              }
            ],
            "terminal_condition": [
              {
                "execution_reason": "",
                "last_transition_time": "2026-08-16T03:10:21.969063Z",
                "message": "",
                "reason": "",
                "revision_reason": "",
                "severity": "",
                "state": "CONDITION_SUCCEEDED",
                "type": "Ready"
              }
            ],
            "terraform_labels": {
              "goog-terraform-provisioned": "true"
            },
            "timeouts": null,
            "traffic": [
              {
                "percent": 100,
                "revision": "",
                "tag": "",
                "type": "TRAFFIC_TARGET_ALLOCATION_TYPE_LATEST"
              }
            ],
            "traffic_statuses": [
              {
                "percent": 100,
                "revision": "",
                "tag": "",
                "type": "TRAFFIC_TARGET_ALLOCATION_TYPE_LATEST",
                "uri": ""
              }
            ],
            "uid": "5c812dc5-9360-4a2a-91bc-aeb7a2c6dc84",
            "update_time": "2026-08-16T03:10:09.684426Z",
            "uri": "https://usagi-analytics-lolnt7besa-an.a.run.app",
            "urls": [
              "https://usagi-analytics-401920982116.asia-northeast1.run.app",
              "https://usagi-analytics-lolnt7besa-an.a.run.app"
            ]
          },
          "sensitive_attributes": [],
          "private": "eyJlMmJmYjczMC1lY2FhLTExZTYtOGY4OC0zNDM2M2JjN2M0YzAiOnsiY3JlYXRlIjoxMjAwMDAwMDAwMDAwLCJkZWxldGUiOjEyMDAwMDAwMDAwMDAsInVwZGF0ZSI6MTIwMDAwMDAwMDAwMH19",
          "dependencies": [
            "google_project_service.required",
            "google_secret_manager_secret.run_fetch_token",
            "google_secret_manager_secret.tiktok_client_key",
            "google_secret_manager_secret.tiktok_client_secret",
            "google_secret_manager_secret.tiktok_token",
            "google_secret_manager_secret_iam_member.cloud_run_secret_accessor",
            "google_secret_manager_secret_version.run_fetch_token",
            "google_secret_manager_secret_version.tiktok_client_key",
            "google_secret_manager_secret_version.tiktok_client_secret",
            "google_service_account.cloud_run",
            "google_storage_bucket.snapshots",
            "google_storage_bucket_iam_member.cloud_run_snapshot_writer",
            "random_password.run_fetch_token"
          ]
        }
      ]
    },
    {
      "mode": "managed",
      "type": "google_cloud_run_v2_service_iam_member",
      "name": "public_invoker",
      "provider": "provider[\"registry.terraform.io/hashicorp/google\"]",
      "instances": [
        {
          "schema_version": 0,
          "attributes": {
            "condition": [],
            "etag": "BwZZITBaTMI=",
            "id": "projects/usagi-analytics/locations/asia-northeast1/services/usagi-analytics/roles/run.invoker/allUsers",
            "location": "asia-northeast1",
            "member": "allUsers",
            "name": "projects/usagi-analytics/locations/asia-northeast1/services/usagi-analytics",
            "project": "usagi-analytics",
            "role": "roles/run.invoker"
          },
          "sensitive_attributes": [],
          "private": "bnVsbA==",
          "dependencies": [
            "google_cloud_run_v2_service.app",
            "google_project_service.required",
            "google_secret_manager_secret.run_fetch_token",
            "google_secret_manager_secret.tiktok_client_key",
            "google_secret_manager_secret.tiktok_client_secret",
            "google_secret_manager_secret.tiktok_token",
            "google_secret_manager_secret_iam_member.cloud_run_secret_accessor",
            "google_secret_manager_secret_version.run_fetch_token",
            "google_secret_manager_secret_version.tiktok_client_key",
            "google_secret_manager_secret_version.tiktok_client_secret",
            "google_service_account.cloud_run",
            "google_storage_bucket.snapshots",
            "google_storage_bucket_iam_member.cloud_run_snapshot_writer",
            "random_password.run_fetch_token"
          ]
        }
      ]
    },
    {
      "mode": "managed",
      "type": "google_cloud_scheduler_job",
      "name": "daily_fetch",
      "provider": "provider[\"registry.terraform.io/hashicorp/google\"]",
      "instances": [
        {
          "schema_version": 0,
          "attributes": {
            "app_engine_http_target": [],
            "attempt_deadline": "180s",
            "description": "Fetch TikTok video metrics for usagi-analytics",
            "http_target": [
              {
                "body": "",
                "headers": {
                  "X-Usagi-Run-Token": "gTbzqGMGgnua6nVnslcUV1QuufTl5eVBGZomNyUp"
                },
                "http_method": "POST",
                "oauth_token": [],
                "oidc_token": [],
                "uri": "https://usagi-analytics-lolnt7besa-an.a.run.app/run-fetch"
              }
            ],
            "id": "projects/usagi-analytics/locations/asia-northeast1/jobs/usagi-analytics-daily-fetch",
            "name": "usagi-analytics-daily-fetch",
            "paused": false,
            "project": "usagi-analytics",
            "pubsub_target": [],
            "region": "asia-northeast1",
            "retry_config": [],
            "schedule": "0 4 * * *",
            "state": "ENABLED",
            "time_zone": "Asia/Tokyo",
            "timeouts": null
          },
          "sensitive_attributes": [
            [
              {
                "type": "get_attr",
                "value": "http_target"
              },
              {
                "type": "index",
                "value": {
                  "value": 0,
                  "type": "number"
                }
              },
              {
                "type": "get_attr",
                "value": "headers"
              },
              {
                "type": "index",
                "value": {
                  "value": "X-Usagi-Run-Token",
                  "type": "string"
                }
              }
            ]
          ],
          "private": "eyJlMmJmYjczMC1lY2FhLTExZTYtOGY4OC0zNDM2M2JjN2M0YzAiOnsiY3JlYXRlIjoxMjAwMDAwMDAwMDAwLCJkZWxldGUiOjEyMDAwMDAwMDAwMDAsInVwZGF0ZSI6MTIwMDAwMDAwMDAwMH19",
          "dependencies": [
            "google_cloud_run_v2_service.app",
            "google_cloud_run_v2_service_iam_member.public_invoker",
            "google_project_service.required",
            "google_secret_manager_secret.run_fetch_token",
            "google_secret_manager_secret.tiktok_client_key",
            "google_secret_manager_secret.tiktok_client_secret",
            "google_secret_manager_secret.tiktok_token",
            "google_secret_manager_secret_iam_member.cloud_run_secret_accessor",
            "google_secret_manager_secret_version.run_fetch_token",
            "google_secret_manager_secret_version.tiktok_client_key",
            "google_secret_manager_secret_version.tiktok_client_secret",
            "google_service_account.cloud_run",
            "google_storage_bucket.snapshots",
            "google_storage_bucket_iam_member.cloud_run_snapshot_writer",
            "random_password.run_fetch_token"
          ]
        }
      ]
    },
    {
      "mode": "managed",
      "type": "google_project_service",
      "name": "required",
      "provider": "provider[\"registry.terraform.io/hashicorp/google\"]",
      "instances": [
        {
          "index_key": "artifactregistry.googleapis.com",
          "schema_version": 0,
          "attributes": {
            "disable_dependent_services": null,
            "disable_on_destroy": false,
            "id": "usagi-analytics/artifactregistry.googleapis.com",
            "project": "usagi-analytics",
            "service": "artifactregistry.googleapis.com",
            "timeouts": null
          },
          "sensitive_attributes": [],
          "private": "eyJlMmJmYjczMC1lY2FhLTExZTYtOGY4OC0zNDM2M2JjN2M0YzAiOnsiY3JlYXRlIjoxMjAwMDAwMDAwMDAwLCJkZWxldGUiOjEyMDAwMDAwMDAwMDAsInJlYWQiOjYwMDAwMDAwMDAwMCwidXBkYXRlIjoxMjAwMDAwMDAwMDAwfX0="
        },
        {
          "index_key": "cloudbuild.googleapis.com",
          "schema_version": 0,
          "attributes": {
            "disable_dependent_services": null,
            "disable_on_destroy": false,
            "id": "usagi-analytics/cloudbuild.googleapis.com",
            "project": "usagi-analytics",
            "service": "cloudbuild.googleapis.com",
            "timeouts": null
          },
          "sensitive_attributes": [],
          "private": "eyJlMmJmYjczMC1lY2FhLTExZTYtOGY4OC0zNDM2M2JjN2M0YzAiOnsiY3JlYXRlIjoxMjAwMDAwMDAwMDAwLCJkZWxldGUiOjEyMDAwMDAwMDAwMDAsInJlYWQiOjYwMDAwMDAwMDAwMCwidXBkYXRlIjoxMjAwMDAwMDAwMDAwfX0="
        },
        {
          "index_key": "cloudscheduler.googleapis.com",
          "schema_version": 0,
          "attributes": {
            "disable_dependent_services": null,
            "disable_on_destroy": false,
            "id": "usagi-analytics/cloudscheduler.googleapis.com",
            "project": "usagi-analytics",
            "service": "cloudscheduler.googleapis.com",
            "timeouts": null
          },
          "sensitive_attributes": [],
          "private": "eyJlMmJmYjczMC1lY2FhLTExZTYtOGY4OC0zNDM2M2JjN2M0YzAiOnsiY3JlYXRlIjoxMjAwMDAwMDAwMDAwLCJkZWxldGUiOjEyMDAwMDAwMDAwMDAsInJlYWQiOjYwMDAwMDAwMDAwMCwidXBkYXRlIjoxMjAwMDAwMDAwMDAwfX0="
        },
        {
          "index_key": "iam.googleapis.com",
          "schema_version": 0,
          "attributes": {
            "disable_dependent_services": null,
            "disable_on_destroy": false,
            "id": "usagi-analytics/iam.googleapis.com",
            "project": "usagi-analytics",
            "service": "iam.googleapis.com",
            "timeouts": null
          },
          "sensitive_attributes": [],
          "private": "eyJlMmJmYjczMC1lY2FhLTExZTYtOGY4OC0zNDM2M2JjN2M0YzAiOnsiY3JlYXRlIjoxMjAwMDAwMDAwMDAwLCJkZWxldGUiOjEyMDAwMDAwMDAwMDAsInJlYWQiOjYwMDAwMDAwMDAwMCwidXBkYXRlIjoxMjAwMDAwMDAwMDAwfX0="
        },
        {
          "index_key": "run.googleapis.com",
          "schema_version": 0,
          "attributes": {
            "disable_dependent_services": null,
            "disable_on_destroy": false,
            "id": "usagi-analytics/run.googleapis.com",
            "project": "usagi-analytics",
            "service": "run.googleapis.com",
            "timeouts": null
          },
          "sensitive_attributes": [],
          "private": "eyJlMmJmYjczMC1lY2FhLTExZTYtOGY4OC0zNDM2M2JjN2M0YzAiOnsiY3JlYXRlIjoxMjAwMDAwMDAwMDAwLCJkZWxldGUiOjEyMDAwMDAwMDAwMDAsInJlYWQiOjYwMDAwMDAwMDAwMCwidXBkYXRlIjoxMjAwMDAwMDAwMDAwfX0="
        },
        {
          "index_key": "secretmanager.googleapis.com",
          "schema_version": 0,
          "attributes": {
            "disable_dependent_services": null,
            "disable_on_destroy": false,
            "id": "usagi-analytics/secretmanager.googleapis.com",
            "project": "usagi-analytics",
            "service": "secretmanager.googleapis.com",
            "timeouts": null
          },
          "sensitive_attributes": [],
          "private": "eyJlMmJmYjczMC1lY2FhLTExZTYtOGY4OC0zNDM2M2JjN2M0YzAiOnsiY3JlYXRlIjoxMjAwMDAwMDAwMDAwLCJkZWxldGUiOjEyMDAwMDAwMDAwMDAsInJlYWQiOjYwMDAwMDAwMDAwMCwidXBkYXRlIjoxMjAwMDAwMDAwMDAwfX0="
        },
        {
          "index_key": "storage.googleapis.com",
          "schema_version": 0,
          "attributes": {
            "disable_dependent_services": null,
            "disable_on_destroy": false,
            "id": "usagi-analytics/storage.googleapis.com",
            "project": "usagi-analytics",
            "service": "storage.googleapis.com",
            "timeouts": null
          },
          "sensitive_attributes": [],
          "private": "eyJlMmJmYjczMC1lY2FhLTExZTYtOGY4OC0zNDM2M2JjN2M0YzAiOnsiY3JlYXRlIjoxMjAwMDAwMDAwMDAwLCJkZWxldGUiOjEyMDAwMDAwMDAwMDAsInJlYWQiOjYwMDAwMDAwMDAwMCwidXBkYXRlIjoxMjAwMDAwMDAwMDAwfX0="
        }
      ]
    },
    {
      "mode": "managed",
      "type": "google_secret_manager_secret",
      "name": "run_fetch_token",
      "provider": "provider[\"registry.terraform.io/hashicorp/google\"]",
      "instances": [
        {
          "schema_version": 0,
          "attributes": {
            "annotations": {},
            "create_time": "2026-08-16T02:50:00.391015Z",
            "deletion_protection": false,
            "effective_annotations": {},
            "effective_labels": {
              "goog-terraform-provisioned": "true"
            },
            "expire_time": "",
            "id": "projects/usagi-analytics/secrets/usagi-run-fetch-token",
            "labels": {},
            "name": "projects/401920982116/secrets/usagi-run-fetch-token",
            "project": "usagi-analytics",
            "replication": [
              {
                "auto": [
                  {
                    "customer_managed_encryption": []
                  }
                ],
                "user_managed": []
              }
            ],
            "rotation": [],
            "secret_id": "usagi-run-fetch-token",
            "tags": null,
            "terraform_labels": {
              "goog-terraform-provisioned": "true"
            },
            "timeouts": null,
            "topics": [],
            "ttl": null,
            "version_aliases": {},
            "version_destroy_ttl": ""
          },
          "sensitive_attributes": [],
          "private": "eyJlMmJmYjczMC1lY2FhLTExZTYtOGY4OC0zNDM2M2JjN2M0YzAiOnsiY3JlYXRlIjoxMjAwMDAwMDAwMDAwLCJkZWxldGUiOjEyMDAwMDAwMDAwMDAsInVwZGF0ZSI6MTIwMDAwMDAwMDAwMH19",
          "dependencies": [
            "google_project_service.required"
          ]
        }
      ]
    },
    {
      "mode": "managed",
      "type": "google_secret_manager_secret",
      "name": "tiktok_client_key",
      "provider": "provider[\"registry.terraform.io/hashicorp/google\"]",
      "instances": [
        {
          "schema_version": 0,
          "attributes": {
            "annotations": {},
            "create_time": "2026-08-16T02:50:00.393146Z",
            "deletion_protection": false,
            "effective_annotations": {},
            "effective_labels": {
              "goog-terraform-provisioned": "true"
            },
            "expire_time": "",
            "id": "projects/usagi-analytics/secrets/tiktok-client-key",
            "labels": {},
            "name": "projects/401920982116/secrets/tiktok-client-key",
            "project": "usagi-analytics",
            "replication": [
              {
                "auto": [
                  {
                    "customer_managed_encryption": []
                  }
                ],
                "user_managed": []
              }
            ],
            "rotation": [],
            "secret_id": "tiktok-client-key",
            "tags": null,
            "terraform_labels": {
              "goog-terraform-provisioned": "true"
            },
            "timeouts": null,
            "topics": [],
            "ttl": null,
            "version_aliases": {},
            "version_destroy_ttl": ""
          },
          "sensitive_attributes": [],
          "private": "eyJlMmJmYjczMC1lY2FhLTExZTYtOGY4OC0zNDM2M2JjN2M0YzAiOnsiY3JlYXRlIjoxMjAwMDAwMDAwMDAwLCJkZWxldGUiOjEyMDAwMDAwMDAwMDAsInVwZGF0ZSI6MTIwMDAwMDAwMDAwMH19",
          "dependencies": [
            "google_project_service.required"
          ]
        }
      ]
    },
    {
      "mode": "managed",
      "type": "google_secret_manager_secret",
      "name": "tiktok_client_secret",
      "provider": "provider[\"registry.terraform.io/hashicorp/google\"]",
      "instances": [
        {
          "schema_version": 0,
          "attributes": {
            "annotations": {},
            "create_time": "2026-08-16T02:50:00.389335Z",
            "deletion_protection": false,
            "effective_annotations": {},
            "effective_labels": {
              "goog-terraform-provisioned": "true"
            },
            "expire_time": "",
            "id": "projects/usagi-analytics/secrets/tiktok-client-secret",
            "labels": {},
            "name": "projects/401920982116/secrets/tiktok-client-secret",
            "project": "usagi-analytics",
            "replication": [
              {
                "auto": [
                  {
                    "customer_managed_encryption": []
                  }
                ],
                "user_managed": []
              }
            ],
            "rotation": [],
            "secret_id": "tiktok-client-secret",
            "tags": null,
            "terraform_labels": {
              "goog-terraform-provisioned": "true"
            },
            "timeouts": null,
            "topics": [],
            "ttl": null,
            "version_aliases": {},
            "version_destroy_ttl": ""
          },
          "sensitive_attributes": [],
          "private": "eyJlMmJmYjczMC1lY2FhLTExZTYtOGY4OC0zNDM2M2JjN2M0YzAiOnsiY3JlYXRlIjoxMjAwMDAwMDAwMDAwLCJkZWxldGUiOjEyMDAwMDAwMDAwMDAsInVwZGF0ZSI6MTIwMDAwMDAwMDAwMH19",
          "dependencies": [
            "google_project_service.required"
          ]
        }
      ]
    },
    {
      "mode": "managed",
      "type": "google_secret_manager_secret",
      "name": "tiktok_token",
      "provider": "provider[\"registry.terraform.io/hashicorp/google\"]",
      "instances": [
        {
          "schema_version": 0,
          "attributes": {
            "annotations": {},
            "create_time": "2026-08-16T02:50:00.392023Z",
            "deletion_protection": false,
            "effective_annotations": {},
            "effective_labels": {
              "goog-terraform-provisioned": "true"
            },
            "expire_time": "",
            "id": "projects/usagi-analytics/secrets/tiktok-display-api-token",
            "labels": {},
            "name": "projects/401920982116/secrets/tiktok-display-api-token",
            "project": "usagi-analytics",
            "replication": [
              {
                "auto": [
                  {
                    "customer_managed_encryption": []
                  }
                ],
                "user_managed": []
              }
            ],
            "rotation": [],
            "secret_id": "tiktok-display-api-token",
            "tags": null,
            "terraform_labels": {
              "goog-terraform-provisioned": "true"
            },
            "timeouts": null,
            "topics": [],
            "ttl": null,
            "version_aliases": {},
            "version_destroy_ttl": ""
          },
          "sensitive_attributes": [],
          "private": "eyJlMmJmYjczMC1lY2FhLTExZTYtOGY4OC0zNDM2M2JjN2M0YzAiOnsiY3JlYXRlIjoxMjAwMDAwMDAwMDAwLCJkZWxldGUiOjEyMDAwMDAwMDAwMDAsInVwZGF0ZSI6MTIwMDAwMDAwMDAwMH19",
          "dependencies": [
            "google_project_service.required"
          ]
        }
      ]
    },
    {
      "mode": "managed",
      "type": "google_secret_manager_secret_iam_member",
      "name": "cloud_run_secret_accessor",
      "provider": "provider[\"registry.terraform.io/hashicorp/google\"]",
      "instances": [
        {
          "index_key": "run_fetch_token",
          "schema_version": 0,
          "attributes": {
            "condition": [],
            "etag": "BwZZIR1ngGA=",
            "id": "projects/usagi-analytics/secrets/usagi-run-fetch-token/roles/secretmanager.secretAccessor/serviceAccount:usagi-analytics-run@usagi-analytics.iam.gserviceaccount.com",
            "member": "serviceAccount:usagi-analytics-run@usagi-analytics.iam.gserviceaccount.com",
            "project": "usagi-analytics",
            "role": "roles/secretmanager.secretAccessor",
            "secret_id": "projects/usagi-analytics/secrets/usagi-run-fetch-token"
          },
          "sensitive_attributes": [],
          "private": "bnVsbA==",
          "dependencies": [
            "google_project_service.required",
            "google_secret_manager_secret.run_fetch_token",
            "google_secret_manager_secret.tiktok_client_key",
            "google_secret_manager_secret.tiktok_client_secret",
            "google_secret_manager_secret.tiktok_token",
            "google_service_account.cloud_run"
          ]
        },
        {
          "index_key": "tiktok_client_key",
          "schema_version": 0,
          "attributes": {
            "condition": [],
            "etag": "BwZZIR1nxNo=",
            "id": "projects/usagi-analytics/secrets/tiktok-client-key/roles/secretmanager.secretAccessor/serviceAccount:usagi-analytics-run@usagi-analytics.iam.gserviceaccount.com",
            "member": "serviceAccount:usagi-analytics-run@usagi-analytics.iam.gserviceaccount.com",
            "project": "usagi-analytics",
            "role": "roles/secretmanager.secretAccessor",
            "secret_id": "projects/usagi-analytics/secrets/tiktok-client-key"
          },
          "sensitive_attributes": [],
          "private": "bnVsbA==",
          "dependencies": [
            "google_project_service.required",
            "google_secret_manager_secret.run_fetch_token",
            "google_secret_manager_secret.tiktok_client_key",
            "google_secret_manager_secret.tiktok_client_secret",
            "google_secret_manager_secret.tiktok_token",
            "google_service_account.cloud_run"
          ]
        },
        {
          "index_key": "tiktok_client_secret",
          "schema_version": 0,
          "attributes": {
            "condition": [],
            "etag": "BwZZIR1sNR4=",
            "id": "projects/usagi-analytics/secrets/tiktok-client-secret/roles/secretmanager.secretAccessor/serviceAccount:usagi-analytics-run@usagi-analytics.iam.gserviceaccount.com",
            "member": "serviceAccount:usagi-analytics-run@usagi-analytics.iam.gserviceaccount.com",
            "project": "usagi-analytics",
            "role": "roles/secretmanager.secretAccessor",
            "secret_id": "projects/usagi-analytics/secrets/tiktok-client-secret"
          },
          "sensitive_attributes": [],
          "private": "bnVsbA==",
          "dependencies": [
            "google_project_service.required",
            "google_secret_manager_secret.run_fetch_token",
            "google_secret_manager_secret.tiktok_client_key",
            "google_secret_manager_secret.tiktok_client_secret",
            "google_secret_manager_secret.tiktok_token",
            "google_service_account.cloud_run"
          ]
        },
        {
          "index_key": "tiktok_token",
          "schema_version": 0,
          "attributes": {
            "condition": [],
            "etag": "BwZZIR24mmQ=",
            "id": "projects/usagi-analytics/secrets/tiktok-display-api-token/roles/secretmanager.secretAccessor/serviceAccount:usagi-analytics-run@usagi-analytics.iam.gserviceaccount.com",
            "member": "serviceAccount:usagi-analytics-run@usagi-analytics.iam.gserviceaccount.com",
            "project": "usagi-analytics",
            "role": "roles/secretmanager.secretAccessor",
            "secret_id": "projects/usagi-analytics/secrets/tiktok-display-api-token"
          },
          "sensitive_attributes": [],
          "private": "bnVsbA==",
          "dependencies": [
            "google_project_service.required",
            "google_secret_manager_secret.run_fetch_token",
            "google_secret_manager_secret.tiktok_client_key",
            "google_secret_manager_secret.tiktok_client_secret",
            "google_secret_manager_secret.tiktok_token",
            "google_service_account.cloud_run"
          ]
        }
      ]
    },
    {
      "mode": "managed",
      "type": "google_secret_manager_secret_iam_member",
      "name": "cloud_run_token_version_adder",
      "provider": "provider[\"registry.terraform.io/hashicorp/google\"]",
      "instances": [
        {
          "schema_version": 0,
          "attributes": {
            "condition": [],
            "etag": "BwZZIR24mmQ=",
            "id": "projects/usagi-analytics/secrets/tiktok-display-api-token/roles/secretmanager.secretVersionAdder/serviceAccount:usagi-analytics-run@usagi-analytics.iam.gserviceaccount.com",
            "member": "serviceAccount:usagi-analytics-run@usagi-analytics.iam.gserviceaccount.com",
            "project": "usagi-analytics",
            "role": "roles/secretmanager.secretVersionAdder",
            "secret_id": "projects/usagi-analytics/secrets/tiktok-display-api-token"
          },
          "sensitive_attributes": [],
          "private": "bnVsbA==",
          "dependencies": [
            "google_project_service.required",
            "google_secret_manager_secret.tiktok_token",
            "google_service_account.cloud_run"
          ]
        }
      ]
    },
    {
      "mode": "managed",
      "type": "google_secret_manager_secret_version",
      "name": "run_fetch_token",
      "provider": "provider[\"registry.terraform.io/hashicorp/google\"]",
      "instances": [
        {
          "schema_version": 0,
          "attributes": {
            "create_time": "2026-08-16T02:50:05.456726Z",
            "deletion_policy": "DELETE",
            "destroy_time": "",
            "enabled": true,
            "id": "projects/401920982116/secrets/usagi-run-fetch-token/versions/1",
            "is_secret_data_base64": false,
            "name": "projects/401920982116/secrets/usagi-run-fetch-token/versions/1",
            "secret": "projects/usagi-analytics/secrets/usagi-run-fetch-token",
            "secret_data": "gTbzqGMGgnua6nVnslcUV1QuufTl5eVBGZomNyUp",
            "secret_data_wo": null,
            "secret_data_wo_version": 0,
            "timeouts": null,
            "version": "1"
          },
          "sensitive_attributes": [
            [
              {
                "type": "get_attr",
                "value": "secret_data"
              }
            ]
          ],
          "private": "eyJlMmJmYjczMC1lY2FhLTExZTYtOGY4OC0zNDM2M2JjN2M0YzAiOnsiY3JlYXRlIjoxMjAwMDAwMDAwMDAwLCJkZWxldGUiOjEyMDAwMDAwMDAwMDAsInVwZGF0ZSI6MTIwMDAwMDAwMDAwMH19",
          "dependencies": [
            "google_project_service.required",
            "google_secret_manager_secret.run_fetch_token",
            "random_password.run_fetch_token"
          ]
        }
      ]
    },
    {
      "mode": "managed",
      "type": "google_secret_manager_secret_version",
      "name": "tiktok_client_key",
      "provider": "provider[\"registry.terraform.io/hashicorp/google\"]",
      "instances": [
        {
          "index_key": 0,
          "schema_version": 0,
          "attributes": {
            "create_time": "2026-08-16T02:50:06.464560Z",
            "deletion_policy": "DELETE",
            "destroy_time": "",
            "enabled": true,
            "id": "projects/401920982116/secrets/tiktok-client-key/versions/1",
            "is_secret_data_base64": false,
            "name": "projects/401920982116/secrets/tiktok-client-key/versions/1",
            "secret": "projects/usagi-analytics/secrets/tiktok-client-key",
            "secret_data": "sbawfaarcj5kuqola8",
            "secret_data_wo": null,
            "secret_data_wo_version": 0,
            "timeouts": null,
            "version": "1"
          },
          "sensitive_attributes": [
            [
              {
                "type": "get_attr",
                "value": "secret_data"
              }
            ]
          ],
          "private": "eyJlMmJmYjczMC1lY2FhLTExZTYtOGY4OC0zNDM2M2JjN2M0YzAiOnsiY3JlYXRlIjoxMjAwMDAwMDAwMDAwLCJkZWxldGUiOjEyMDAwMDAwMDAwMDAsInVwZGF0ZSI6MTIwMDAwMDAwMDAwMH19",
          "dependencies": [
            "google_project_service.required",
            "google_secret_manager_secret.tiktok_client_key"
          ]
        }
      ]
    },
    {
      "mode": "managed",
      "type": "google_secret_manager_secret_version",
      "name": "tiktok_client_secret",
      "provider": "provider[\"registry.terraform.io/hashicorp/google\"]",
      "instances": [
        {
          "index_key": 0,
          "schema_version": 0,
          "attributes": {
            "create_time": "2026-08-16T02:50:05.241108Z",
            "deletion_policy": "DELETE",
            "destroy_time": "",
            "enabled": true,
            "id": "projects/401920982116/secrets/tiktok-client-secret/versions/1",
            "is_secret_data_base64": false,
            "name": "projects/401920982116/secrets/tiktok-client-secret/versions/1",
            "secret": "projects/usagi-analytics/secrets/tiktok-client-secret",
            "secret_data": "AI9gbTK25oJ9xLrdjrz1g88uc5fGsfAS",
            "secret_data_wo": null,
            "secret_data_wo_version": 0,
            "timeouts": null,
            "version": "1"
          },
          "sensitive_attributes": [
            [
              {
                "type": "get_attr",
                "value": "secret_data"
              }
            ]
          ],
          "private": "eyJlMmJmYjczMC1lY2FhLTExZTYtOGY4OC0zNDM2M2JjN2M0YzAiOnsiY3JlYXRlIjoxMjAwMDAwMDAwMDAwLCJkZWxldGUiOjEyMDAwMDAwMDAwMDAsInVwZGF0ZSI6MTIwMDAwMDAwMDAwMH19",
          "dependencies": [
            "google_project_service.required",
            "google_secret_manager_secret.tiktok_client_secret"
          ]
        }
      ]
    },
    {
      "mode": "managed",
      "type": "google_service_account",
      "name": "cloud_run",
      "provider": "provider[\"registry.terraform.io/hashicorp/google\"]",
      "instances": [
        {
          "schema_version": 0,
          "attributes": {
            "account_id": "usagi-analytics-run",
            "create_ignore_already_exists": null,
            "description": "",
            "disabled": false,
            "display_name": "usagi-analytics Cloud Run runtime",
            "email": "usagi-analytics-run@usagi-analytics.iam.gserviceaccount.com",
            "id": "projects/usagi-analytics/serviceAccounts/usagi-analytics-run@usagi-analytics.iam.gserviceaccount.com",
            "member": "serviceAccount:usagi-analytics-run@usagi-analytics.iam.gserviceaccount.com",
            "name": "projects/usagi-analytics/serviceAccounts/usagi-analytics-run@usagi-analytics.iam.gserviceaccount.com",
            "project": "usagi-analytics",
            "timeouts": null,
            "unique_id": "101522270544957425713"
          },
          "sensitive_attributes": [],
          "private": "eyJlMmJmYjczMC1lY2FhLTExZTYtOGY4OC0zNDM2M2JjN2M0YzAiOnsiY3JlYXRlIjozMDAwMDAwMDAwMDB9fQ==",
          "dependencies": [
            "google_project_service.required"
          ]
        }
      ]
    },
    {
      "mode": "managed",
      "type": "google_storage_bucket",
      "name": "snapshots",
      "provider": "provider[\"registry.terraform.io/hashicorp/google\"]",
      "instances": [
        {
          "schema_version": 3,
          "attributes": {
            "autoclass": [],
            "cors": [],
            "custom_placement_config": [],
            "default_event_based_hold": false,
            "effective_labels": {
              "goog-terraform-provisioned": "true"
            },
            "enable_object_retention": false,
            "encryption": [],
            "force_destroy": false,
            "hierarchical_namespace": [
              {
                "enabled": false
              }
            ],
            "id": "usagi-analytics-usagi-analytics-snapshots",
            "ip_filter": [],
            "labels": {},
            "lifecycle_rule": [],
            "location": "ASIA-NORTHEAST1",
            "logging": [],
            "name": "usagi-analytics-usagi-analytics-snapshots",
            "project": "usagi-analytics",
            "project_number": 401920982116,
            "public_access_prevention": "inherited",
            "requester_pays": false,
            "retention_policy": [],
            "rpo": null,
            "self_link": "https://www.googleapis.com/storage/v1/b/usagi-analytics-usagi-analytics-snapshots",
            "soft_delete_policy": [
              {
                "effective_time": "2026-08-16T02:50:02.002Z",
                "retention_duration_seconds": 604800
              }
            ],
            "storage_class": "STANDARD",
            "terraform_labels": {
              "goog-terraform-provisioned": "true"
            },
            "time_created": "2026-08-16T02:50:02.002Z",
            "timeouts": null,
            "uniform_bucket_level_access": true,
            "updated": "2026-08-16T02:50:22.138Z",
            "url": "gs://usagi-analytics-usagi-analytics-snapshots",
            "versioning": [],
            "website": []
          },
          "sensitive_attributes": [],
          "private": "eyJlMmJmYjczMC1lY2FhLTExZTYtOGY4OC0zNDM2M2JjN2M0YzAiOnsiY3JlYXRlIjo2MDAwMDAwMDAwMDAsInJlYWQiOjI0MDAwMDAwMDAwMCwidXBkYXRlIjoyNDAwMDAwMDAwMDB9LCJzY2hlbWFfdmVyc2lvbiI6IjMifQ==",
          "dependencies": [
            "google_project_service.required"
          ]
        }
      ]
    },
    {
      "mode": "managed",
      "type": "google_storage_bucket_iam_member",
      "name": "cloud_run_snapshot_writer",
      "provider": "provider[\"registry.terraform.io/hashicorp/google\"]",
      "instances": [
        {
          "schema_version": 0,
          "attributes": {
            "bucket": "b/usagi-analytics-usagi-analytics-snapshots",
            "condition": [],
            "etag": "CAI=",
            "id": "b/usagi-analytics-usagi-analytics-snapshots/roles/storage.objectAdmin/serviceAccount:usagi-analytics-run@usagi-analytics.iam.gserviceaccount.com",
            "member": "serviceAccount:usagi-analytics-run@usagi-analytics.iam.gserviceaccount.com",
            "role": "roles/storage.objectAdmin"
          },
          "sensitive_attributes": [],
          "private": "bnVsbA==",
          "dependencies": [
            "google_project_service.required",
            "google_service_account.cloud_run",
            "google_storage_bucket.snapshots"
          ]
        }
      ]
    },
    {
      "mode": "managed",
      "type": "random_password",
      "name": "run_fetch_token",
      "provider": "provider[\"registry.terraform.io/hashicorp/random\"]",
      "instances": [
        {
          "schema_version": 3,
          "attributes": {
            "bcrypt_hash": "$2a$10$VP4DRdZB4nxc5AiS2CW5s.io/IGgsWQnoBUmgUmq4FhGpog//ZWK2",
            "id": "none",
            "keepers": null,
            "length": 40,
            "lower": true,
            "min_lower": 0,
            "min_numeric": 0,
            "min_special": 0,
            "min_upper": 0,
            "number": true,
            "numeric": true,
            "override_special": null,
            "result": "gTbzqGMGgnua6nVnslcUV1QuufTl5eVBGZomNyUp",
            "special": false,
            "upper": true
          },
          "sensitive_attributes": [
            [
              {
                "type": "get_attr",
                "value": "bcrypt_hash"
              }
            ],
            [
              {
                "type": "get_attr",
                "value": "result"
              }
            ]
          ]
        }
      ]
    }
  ],
  "check_results": null
}
